
Microsoft Visual Studio Solution File, Format Version 12.00
# Visual Studio Version 17
VisualStudioVersion = 17.12.35707.178
MinimumVisualStudioVersion = 10.0.40219.1
Project("{FAE04EC0-301F-11D3-BF4B-00C04F79EFBC}") = "HospitalMS", "HospitalMS\HospitalMS.csproj", "{5E136553-2169-41CA-B726-A20B05F1EDBD}"
	ProjectSection(ProjectDependencies) = postProject
		{13911093-D659-48F0-98D4-7C6E900B3F6B} = {13911093-D659-48F0-98D4-7C6E900B3F6B}
		{63AAAE94-8A0B-4A37-AFF4-126E5FCE296B} = {63AAAE94-8A0B-4A37-AFF4-126E5FCE296B}
	EndProjectSection
EndProject
Project("{FAE04EC0-301F-11D3-BF4B-00C04F79EFBC}") = "CapaDatos", "CapaDatos\CapaDatos.csproj", "{63AAAE94-8A0B-4A37-AFF4-126E5FCE296B}"
EndProject
Project("{FAE04EC0-301F-11D3-BF4B-00C04F79EFBC}") = "CapaEntidad", "CapaEntidad\CapaEntidad.csproj", "{13911093-D659-48F0-98D4-7C6E900B3F6B}"
EndProject
Project("{FAE04EC0-301F-11D3-BF4B-00C04F79EFBC}") = "CapaNegocio", "CapaNegocio\CapaNegocio.csproj", "{E20F3ADF-4779-43ED-BAD8-EC137687392E}"
EndProject
Global
	GlobalSection(SolutionConfigurationPlatforms) = preSolution
		Debug|Any CPU = Debug|Any CPU
		Release|Any CPU = Release|Any CPU
	EndGlobalSection
	GlobalSection(ProjectConfigurationPlatforms) = postSolution
		{5E136553-2169-41CA-B726-A20B05F1EDBD}.Debug|Any CPU.ActiveCfg = Debug|Any CPU
		{5E136553-2169-41CA-B726-A20B05F1EDBD}.Debug|Any CPU.Build.0 = Debug|Any CPU
		{5E136553-2169-41CA-B726-A20B05F1EDBD}.Release|Any CPU.ActiveCfg = Release|Any CPU
		{5E136553-2169-41CA-B726-A20B05F1EDBD}.Release|Any CPU.Build.0 = Release|Any CPU
		{63AAAE94-8A0B-4A37-AFF4-126E5FCE296B}.Debug|Any CPU.ActiveCfg = Debug|Any CPU
		{63AAAE94-8A0B-4A37-AFF4-126E5FCE296B}.Debug|Any CPU.Build.0 = Debug|Any CPU
		{63AAAE94-8A0B-4A37-AFF4-126E5FCE296B}.Release|Any CPU.ActiveCfg = Release|Any CPU
		{63AAAE94-8A0B-4A37-AFF4-126E5FCE296B}.Release|Any CPU.Build.0 = Release|Any CPU
		{13911093-D659-48F0-98D4-7C6E900B3F6B}.Debug|Any CPU.ActiveCfg = Debug|Any CPU
		{13911093-D659-48F0-98D4-7C6E900B3F6B}.Debug|Any CPU.Build.0 = Debug|Any CPU
		{13911093-D659-48F0-98D4-7C6E900B3F6B}.Release|Any CPU.ActiveCfg = Release|Any CPU
		{13911093-D659-48F0-98D4-7C6E900B3F6B}.Release|Any CPU.Build.0 = Release|Any CPU
		{E20F3ADF-4779-43ED-BAD8-EC137687392E}.Debug|Any CPU.ActiveCfg = Debug|Any CPU
		{E20F3ADF-4779-43ED-BAD8-EC137687392E}.Debug|Any CPU.Build.0 = Debug|Any CPU
		{E20F3ADF-4779-43ED-BAD8-EC137687392E}.Release|Any CPU.ActiveCfg = Release|Any CPU
		{E20F3ADF-4779-43ED-BAD8-EC137687392E}.Release|Any CPU.Build.0 = Release|Any CPU
	EndGlobalSection
	GlobalSection(SolutionProperties) = preSolution
		HideSolutionNode = FALSE
	EndGlobalSection
EndGlobal
